// !$*UTF8*$!
{
	archiveVersion = 1;
	classes = {
	};
	objectVersion = 50;
	objects = {

/* Begin PBXBuildFile section */
		7F42FF1F22DB8980007D5700 /* WebView.swift in Sources */ = {isa = PBXBuildFile; fileRef = 7F42FF1E22DB8980007D5700 /* WebView.swift */; };
		7F75C0FA22ACA78900B3B379 /* PostRow.swift in Sources */ = {isa = PBXBuildFile; fileRef = 7F75C0F922ACA78900B3B379 /* PostRow.swift */; };
		7F75C0FE22ACB6EA00B3B379 /* Post.swift in Sources */ = {isa = PBXBuildFile; fileRef = 7F75C0FD22ACB6EA00B3B379 /* Post.swift */; };
		7F75C10122ACBDF300B3B379 /* Listing.swift in Sources */ = {isa = PBXBuildFile; fileRef = 7F75C10022ACBDF300B3B379 /* Listing.swift */; };
		7F75C10322ACD4A800B3B379 /* RedditService.swift in Sources */ = {isa = PBXBuildFile; fileRef = 7F75C10222ACD4A800B3B379 /* RedditService.swift */; };
		7F75C10522ACD6DF00B3B379 /* ListingViewModel.swift in Sources */ = {isa = PBXBuildFile; fileRef = 7F75C10422ACD6DF00B3B379 /* ListingViewModel.swift */; };
		7F9B5A0A22ACA5090016681C /* AppDelegate.swift in Sources */ = {isa = PBXBuildFile; fileRef = 7F9B5A0922ACA5090016681C /* AppDelegate.swift */; };
		7F9B5A0C22ACA5090016681C /* SceneDelegate.swift in Sources */ = {isa = PBXBuildFile; fileRef = 7F9B5A0B22ACA5090016681C /* SceneDelegate.swift */; };
		7F9B5A0E22ACA5090016681C /* PostsList.swift in Sources */ = {isa = PBXBuildFile; fileRef = 7F9B5A0D22ACA5090016681C /* PostsList.swift */; };
		7F9B5A1022ACA50A0016681C /* Assets.xcassets in Resources */ = {isa = PBXBuildFile; fileRef = 7F9B5A0F22ACA50A0016681C /* Assets.xcassets */; };
		7F9B5A1322ACA50A0016681C /* Preview Assets.xcassets in Resources */ = {isa = PBXBuildFile; fileRef = 7F9B5A1222ACA50A0016681C /* Preview Assets.xcassets */; };
		7F9B5A1622ACA50A0016681C /* LaunchScreen.storyboard in Resources */ = {isa = PBXBuildFile; fileRef = 7F9B5A1422ACA50A0016681C /* LaunchScreen.storyboard */; };
/* End PBXBuildFile section */

/* Begin PBXFileReference section */
		7F42FF1E22DB8980007D5700 /* WebView.swift */ = {isa = PBXFileReference; lastKnownFileType = sourcecode.swift; path = WebView.swift; sourceTree = "<group>"; };
		7F75C0F922ACA78900B3B379 /* PostRow.swift */ = {isa = PBXFileReference; lastKnownFileType = sourcecode.swift; path = PostRow.swift; sourceTree = "<group>"; };
		7F75C0FD22ACB6EA00B3B379 /* Post.swift */ = {isa = PBXFileReference; lastKnownFileType = sourcecode.swift; path = Post.swift; sourceTree = "<group>"; };
		7F75C10022ACBDF300B3B379 /* Listing.swift */ = {isa = PBXFileReference; lastKnownFileType = sourcecode.swift; path = Listing.swift; sourceTree = "<group>"; };
		7F75C10222ACD4A800B3B379 /* RedditService.swift */ = {isa = PBXFileReference; lastKnownFileType = sourcecode.swift; path = RedditService.swift; sourceTree = "<group>"; };
		7F75C10422ACD6DF00B3B379 /* ListingViewModel.swift */ = {isa = PBXFileReference; lastKnownFileType = sourcecode.swift; path = ListingViewModel.swift; sourceTree = "<group>"; };
		7F9B5A0622ACA5090016681C /* Reddit-SwiftUI.app */ = {isa = PBXFileReference; explicitFileType = wrapper.application; includeInIndex = 0; path = "Reddit-SwiftUI.app"; sourceTree = BUILT_PRODUCTS_DIR; };
		7F9B5A0922ACA5090016681C /* AppDelegate.swift */ = {isa = PBXFileReference; lastKnownFileType = sourcecode.swift; path = AppDelegate.swift; sourceTree = "<group>"; };
		7F9B5A0B22ACA5090016681C /* SceneDelegate.swift */ = {isa = PBXFileReference; lastKnownFileType = sourcecode.swift; path = SceneDelegate.swift; sourceTree = "<group>"; };
		7F9B5A0D22ACA5090016681C /* PostsList.swift */ = {isa = PBXFileReference; lastKnownFileType = sourcecode.swift; path = PostsList.swift; sourceTree = "<group>"; };
		7F9B5A0F22ACA50A0016681C /* Assets.xcassets */ = {isa = PBXFileReference; lastKnownFileType = folder.assetcatalog; path = Assets.xcassets; sourceTree = "<group>"; };
		7F9B5A1222ACA50A0016681C /* Preview Assets.xcassets */ = {isa = PBXFileReference; lastKnownFileType = folder.assetcatalog; path = "Preview Assets.xcassets"; sourceTree = "<group>"; };
		7F9B5A1522ACA50A0016681C /* Base */ = {isa = PBXFileReference; lastKnownFileType = file.storyboard; name = Base; path = Base.lproj/LaunchScreen.storyboard; sourceTree = "<group>"; };
		7F9B5A1722ACA50A0016681C /* Info.plist */ = {isa = PBXFileReference; lastKnownFileType = text.plist.xml; path = Info.plist; sourceTree = "<group>"; };
/* End PBXFileReference section */

/* Begin PBXFrameworksBuildPhase section */
		7F9B5A0322ACA5090016681C /* Frameworks */ = {
			isa = PBXFrameworksBuildPhase;
			buildActionMask = 2147483647;
			files = (
			);
			runOnlyForDeploymentPostprocessing = 0;
		};
/* End PBXFrameworksBuildPhase section */

/* Begin PBXGroup section */
		7F9B59FD22ACA5090016681C = {
			isa = PBXGroup;
			children = (
				7F9B5A0822ACA5090016681C /* Reddit-SwiftUI */,
				7F9B5A0722ACA5090016681C /* Products */,
			);
			sourceTree = "<group>";
		};
		7F9B5A0722ACA5090016681C /* Products */ = {
			isa = PBXGroup;
			children = (
				7F9B5A0622ACA5090016681C /* Reddit-SwiftUI.app */,
			);
			name = Products;
			sourceTree = "<group>";
		};
		7F9B5A0822ACA5090016681C /* Reddit-SwiftUI */ = {
			isa = PBXGroup;
			children = (
				7F9B5A0922ACA5090016681C /* AppDelegate.swift */,
				7F9B5A0F22ACA50A0016681C /* Assets.xcassets */,
				7F9B5A0D22ACA5090016681C /* PostsList.swift */,
				7F9B5A1722ACA50A0016681C /* Info.plist */,
				7F9B5A1422ACA50A0016681C /* LaunchScreen.storyboard */,
				7F75C10022ACBDF300B3B379 /* Listing.swift */,
				7F75C10422ACD6DF00B3B379 /* ListingViewModel.swift */,
				7F75C0FD22ACB6EA00B3B379 /* Post.swift */,
				7F75C0F922ACA78900B3B379 /* PostRow.swift */,
				7F75C10222ACD4A800B3B379 /* RedditService.swift */,
				7F9B5A0B22ACA5090016681C /* SceneDelegate.swift */,
				7F42FF1E22DB8980007D5700 /* WebView.swift */,
				7F9B5A1122ACA50A0016681C /* Preview Content */,
			);
			path = "Reddit-SwiftUI";
			sourceTree = "<group>";
		};
		7F9B5A1122ACA50A0016681C /* Preview Content */ = {
			isa = PBXGroup;
			children = (
				7F9B5A1222ACA50A0016681C /* Preview Assets.xcassets */,
			);
			path = "Preview Content";
			sourceTree = "<group>";
		};
/* End PBXGroup section */

/* Begin PBXNativeTarget section */
		7F9B5A0522ACA5090016681C /* Reddit-SwiftUI */ = {
			isa = PBXNativeTarget;
			buildConfigurationList = 7F9B5A1A22ACA50A0016681C /* Build configuration list for PBXNativeTarget "Reddit-SwiftUI" */;
			buildPhases = (
				7F9B5A0222ACA5090016681C /* Sources */,
				7F9B5A0322ACA5090016681C /* Frameworks */,
				7F9B5A0422ACA5090016681C /* Resources */,
			);
			buildRules = (
			);
			dependencies = (
			);
			name = "Reddit-SwiftUI";
			productName = "Reddit-SwiftUI";
			productReference = 7F9B5A0622ACA5090016681C /* Reddit-SwiftUI.app */;
			productType = "com.apple.product-type.application";
		};
/* End PBXNativeTarget section */

/* Begin PBXProject section */
		7F9B59FE22ACA5090016681C /* Project object */ = {
			isa = PBXProject;
			attributes = {
				LastSwiftUpdateCheck = 1100;
				LastUpgradeCheck = 1100;
				ORGANIZATIONNAME = "Erik Lasky";
				TargetAttributes = {
					7F9B5A0522ACA5090016681C = {
						CreatedOnToolsVersion = 11.0;
					};
				};
			};
			buildConfigurationList = 7F9B5A0122ACA5090016681C /* Build configuration list for PBXProject "Reddit-SwiftUI" */;
			compatibilityVersion = "Xcode 9.3";
			developmentRegion = en;
			hasScannedForEncodings = 0;
			knownRegions = (
				en,
				Base,
			);
			mainGroup = 7F9B59FD22ACA5090016681C;
			productRefGroup = 7F9B5A0722ACA5090016681C /* Products */;
			projectDirPath = "";
			projectRoot = "";
			targets = (
				7F9B5A0522ACA5090016681C /* Reddit-SwiftUI */,
			);
		};
/* End PBXProject section */

/* Begin PBXResourcesBuildPhase section */
		7F9B5A0422ACA5090016681C /* Resources */ = {
			isa = PBXResourcesBuildPhase;
			buildActionMask = 2147483647;
			files = (
				7F9B5A1622ACA50A0016681C /* LaunchScreen.storyboard in Resources */,
				7F9B5A1322ACA50A0016681C /* Preview Assets.xcassets in Resources */,
				7F9B5A1022ACA50A0016681C /* Assets.xcassets in Resources */,
			);
			runOnlyForDeploymentPostprocessing = 0;
		};
/* End PBXResourcesBuildPhase section */

/* Begin PBXSourcesBuildPhase section */
		7F9B5A0222ACA5090016681C /* Sources */ = {
			isa = PBXSourcesBuildPhase;
			buildActionMask = 2147483647;
			files = (
				7F9B5A0A22ACA5090016681C /* AppDelegate.swift in Sources */,
				7F75C10322ACD4A800B3B379 /* RedditService.swift in Sources */,
				7F9B5A0C22ACA5090016681C /* SceneDelegate.swift in Sources */,
				7F42FF1F22DB8980007D5700 /* WebView.swift in Sources */,
				7F9B5A0E22ACA5090016681C /* PostsList.swift in Sources */,
				7F75C0FA22ACA78900B3B379 /* PostRow.swift in Sources */,
				7F75C10122ACBDF300B3B379 /* Listing.swift in Sources */,
				7F75C0FE22ACB6EA00B3B379 /* Post.swift in Sources */,
				7F75C10522ACD6DF00B3B379 /* ListingViewModel.swift in Sources */,
			);
			runOnlyForDeploymentPostprocessing = 0;
		};
/* End PBXSourcesBuildPhase section */

/* Begin PBXVariantGroup section */
		7F9B5A1422ACA50A0016681C /* LaunchScreen.storyboard */ = {
			isa = PBXVariantGroup;
			children = (
				7F9B5A1522ACA50A0016681C /* Base */,
			);
			name = LaunchScreen.storyboard;
			sourceTree = "<group>";
		};
/* End PBXVariantGroup section */

/* Begin XCBuildConfiguration section */
		7F9B5A1822ACA50A0016681C /* Debug */ = {
			isa = XCBuildConfiguration;
			buildSettings = {
				ALWAYS_SEARCH_USER_PATHS = NO;
				CLANG_ANALYZER_NONNULL = YES;
				CLANG_ANALYZER_NUMBER_OBJECT_CONVERSION = YES_AGGRESSIVE;
				CLANG_CXX_LANGUAGE_STANDARD = "gnu++14";
				CLANG_CXX_LIBRARY = "libc++";
				CLANG_ENABLE_MODULES = YES;
				CLANG_ENABLE_OBJC_ARC = YES;
				CLANG_ENABLE_OBJC_WEAK = YES;
				CLANG_WARN_BLOCK_CAPTURE_AUTORELEASING = YES;
				CLANG_WARN_BOOL_CONVERSION = YES;
				CLANG_WARN_COMMA = YES;
				CLANG_WARN_CONSTANT_CONVERSION = YES;
				CLANG_WARN_DEPRECATED_OBJC_IMPLEMENTATIONS = YES;
				CLANG_WARN_DIRECT_OBJC_ISA_USAGE = YES_ERROR;
				CLANG_WARN_DOCUMENTATION_COMMENTS = YES;
				CLANG_WARN_EMPTY_BODY = YES;
				CLANG_WARN_ENUM_CONVERSION = YES;
				CLANG_WARN_INFINITE_RECURSION = YES;
				CLANG_WARN_INT_CONVERSION = YES;
				CLANG_WARN_NON_LITERAL_NULL_CONVERSION = YES;
				CLANG_WARN_OBJC_IMPLICIT_RETAIN_SELF = YES;
				CLANG_WARN_OBJC_LITERAL_CONVERSION = YES;
				CLANG_WARN_OBJC_ROOT_CLASS = YES_ERROR;
				CLANG_WARN_RANGE_LOOP_ANALYSIS = YES;
				CLANG_WARN_STRICT_PROTOTYPES = YES;
				CLANG_WARN_SUSPICIOUS_MOVE = YES;
				CLANG_WARN_UNGUARDED_AVAILABILITY = YES_AGGRESSIVE;
				CLANG_WARN_UNREACHABLE_CODE = YES;
				CLANG_WARN__DUPLICATE_METHOD_MATCH = YES;
				COPY_PHASE_STRIP = NO;
				DEBUG_INFORMATION_FORMAT = dwarf;
				ENABLE_STRICT_OBJC_MSGSEND = YES;
				ENABLE_TESTABILITY = YES;
				GCC_C_LANGUAGE_STANDARD = gnu11;
				GCC_DYNAMIC_NO_PIC = NO;
				GCC_NO_COMMON_BLOCKS = YES;
				GCC_OPTIMIZATION_LEVEL = 0;
				GCC_PREPROCESSOR_DEFINITIONS = (
					"DEBUG=1",
					"$(inherited)",
				);
				GCC_WARN_64_TO_32_BIT_CONVERSION = YES;
				GCC_WARN_ABOUT_RETURN_TYPE = YES_ERROR;
				GCC_WARN_UNDECLARED_SELECTOR = YES;
				GCC_WARN_UNINITIALIZED_AUTOS = YES_AGGRESSIVE;
				GCC_WARN_UNUSED_FUNCTION = YES;
				GCC_WARN_UNUSED_VARIABLE = YES;
				IPHONEOS_DEPLOYMENT_TARGET = 13.0;
				MTL_ENABLE_DEBUG_INFO = INCLUDE_SOURCE;
				MTL_FAST_MATH = YES;
				ONLY_ACTIVE_ARCH = YES;
				SDKROOT = iphoneos;
				SWIFT_ACTIVE_COMPILATION_CONDITIONS = DEBUG;
				SWIFT_OPTIMIZATION_LEVEL = "-Onone";
			};
			name = Debug;
		};
		7F9B5A1922ACA50A0016681C /* Release */ = {
			isa = XCBuildConfiguration;
			buildSettings = {
				ALWAYS_SEARCH_USER_PATHS = NO;
				CLANG_ANALYZER_NONNULL = YES;
				CLANG_ANALYZER_NUMBER_OBJECT_CONVERSION = YES_AGGRESSIVE;
				CLANG_CXX_LANGUAGE_STANDARD = "gnu++14";
				CLANG_CXX_LIBRARY = "libc++";
				CLANG_ENABLE_MODULES = YES;
				CLANG_ENABLE_OBJC_ARC = YES;
				CLANG_ENABLE_OBJC_WEAK = YES;
				CLANG_WARN_BLOCK_CAPTURE_AUTORELEASING = YES;
				CLANG_WARN_BOOL_CONVERSION = YES;
				CLANG_WARN_COMMA = YES;
				CLANG_WARN_CONSTANT_CONVERSION = YES;
				CLANG_WARN_DEPRECATED_OBJC_IMPLEMENTATIONS = YES;
				CLANG_WARN_DIRECT_OBJC_ISA_USAGE = YES_ERROR;
				CLANG_WARN_DOCUMENTATION_COMMENTS = YES;
				CLANG_WARN_EMPTY_BODY = YES;
				CLANG_WARN_ENUM_CONVERSION = YES;
				CLANG_WARN_INFINITE_RECURSION = YES;
				CLANG_WARN_INT_CONVERSION = YES;
				CLANG_WARN_NON_LITERAL_NULL_CONVERSION = YES;
				CLANG_WARN_OBJC_IMPLICIT_RETAIN_SELF = YES;
				CLANG_WARN_OBJC_LITERAL_CONVERSION = YES;
				CLANG_WARN_OBJC_ROOT_CLASS = YES_ERROR;
				CLANG_WARN_RANGE_LOOP_ANALYSIS = YES;
				CLANG_WARN_STRICT_PROTOTYPES = YES;
				CLANG_WARN_SUSPICIOUS_MOVE = YES;
				CLANG_WARN_UNGUARDED_AVAILABILITY = YES_AGGRESSIVE;
				CLANG_WARN_UNREACHABLE_CODE = YES;
				CLANG_WARN__DUPLICATE_METHOD_MATCH = YES;
				COPY_PHASE_STRIP = NO;
				DEBUG_INFORMATION_FORMAT = "dwarf-with-dsym";
				ENABLE_NS_ASSERTIONS = NO;
				ENABLE_STRICT_OBJC_MSGSEND = YES;
				GCC_C_LANGUAGE_STANDARD = gnu11;
				GCC_NO_COMMON_BLOCKS = YES;
				GCC_WARN_64_TO_32_BIT_CONVERSION = YES;
				GCC_WARN_ABOUT_RETURN_TYPE = YES_ERROR;
				GCC_WARN_UNDECLARED_SELECTOR = YES;
				GCC_WARN_UNINITIALIZED_AUTOS = YES_AGGRESSIVE;
				GCC_WARN_UNUSED_FUNCTION = YES;
				GCC_WARN_UNUSED_VARIABLE = YES;
				IPHONEOS_DEPLOYMENT_TARGET = 13.0;
				MTL_ENABLE_DEBUG_INFO = NO;
				MTL_FAST_MATH = YES;
				SDKROOT = iphoneos;
				SWIFT_COMPILATION_MODE = wholemodule;
				SWIFT_OPTIMIZATION_LEVEL = "-O";
				VALIDATE_PRODUCT = YES;
			};
			name = Release;
		};
		7F9B5A1B22ACA50A0016681C /* Debug */ = {
			isa = XCBuildConfiguration;
			buildSettings = {
				ASSETCATALOG_COMPILER_APPICON_NAME = AppIcon;
				CODE_SIGN_STYLE = Automatic;
				DEVELOPMENT_ASSET_PATHS = "Reddit-SwiftUI/Preview\\ Content";
				DEVELOPMENT_TEAM = C93K8PCL9Z;
				ENABLE_PREVIEWS = YES;
				INFOPLIST_FILE = "Reddit-SwiftUI/Info.plist";
				LD_RUNPATH_SEARCH_PATHS = (
					"$(inherited)",
					"@executable_path/Frameworks",
				);
				PRODUCT_BUNDLE_IDENTIFIER = "com.Erik-Lasky.Reddit-SwiftUI";
				PRODUCT_NAME = "$(TARGET_NAME)";
				SWIFT_VERSION = 5.0;
				TARGETED_DEVICE_FAMILY = "1,2";
			};
			name = Debug;
		};
		7F9B5A1C22ACA50A0016681C /* Release */ = {
			isa = XCBuildConfiguration;
			buildSettings = {
				ASSETCATALOG_COMPILER_APPICON_NAME = AppIcon;
				CODE_SIGN_STYLE = Automatic;
				DEVELOPMENT_ASSET_PATHS = "Reddit-SwiftUI/Preview\\ Content";
				DEVELOPMENT_TEAM = C93K8PCL9Z;
				ENABLE_PREVIEWS = YES;
				INFOPLIST_FILE = "Reddit-SwiftUI/Info.plist";
				LD_RUNPATH_SEARCH_PATHS = (
					"$(inherited)",
					"@executable_path/Frameworks",
				);
				PRODUCT_BUNDLE_IDENTIFIER = "com.Erik-Lasky.Reddit-SwiftUI";
				PRODUCT_NAME = "$(TARGET_NAME)";
				SWIFT_VERSION = 5.0;
				TARGETED_DEVICE_FAMILY = "1,2";
			};
			name = Release;
		};
/* End XCBuildConfiguration section */

/* Begin XCConfigurationList section */
		7F9B5A0122ACA5090016681C /* Build configuration list for PBXProject "Reddit-SwiftUI" */ = {
			isa = XCConfigurationList;
			buildConfigurations = (
				7F9B5A1822ACA50A0016681C /* Debug */,
				7F9B5A1922ACA50A0016681C /* Release */,
			);
			defaultConfigurationIsVisible = 0;
			defaultConfigurationName = Release;
		};
		7F9B5A1A22ACA50A0016681C /* Build configuration list for PBXNativeTarget "Reddit-SwiftUI" */ = {
			isa = XCConfigurationList;
			buildConfigurations = (
				7F9B5A1B22ACA50A0016681C /* Debug */,
				7F9B5A1C22ACA50A0016681C /* Release */,
			);
			defaultConfigurationIsVisible = 0;
			defaultConfigurationName = Release;
		};
/* End XCConfigurationList section */
	};
	rootObject = 7F9B59FE22ACA5090016681C /* Project object */;
}
